
Microsoft Visual Studio Solution File, Format Version 12.00
# Visual Studio Version 16
VisualStudioVersion = 16.0.31321.278
MinimumVisualStudioVersion = 10.0.40219.1
Project("{8BC9CEB8-8B4A-11D0-8D11-00A0C91BC942}") = "imas-patcher", "imas-patcher.vcxproj", "{5B7637FC-A383-3306-8AA8-294BAD280798}"
EndProject
Project("{2150E333-8FDC-42A3-9474-1A3956D46DE8}") = "Solution Items", "Solution Items", "{42FB1800-0423-4183-ACE1-A50C427292CA}"
	ProjectSection(SolutionItems) = preProject
		moc_predefs.h.cbt = moc_predefs.h.cbt
	EndProjectSection
EndProject
Global
	GlobalSection(SolutionConfigurationPlatforms) = preSolution
		Debug|x86 = Debug|x86
		Release|x86 = Release|x86
	EndGlobalSection
	GlobalSection(ProjectConfigurationPlatforms) = postSolution
		{5B7637FC-A383-3306-8AA8-294BAD280798}.Debug|x86.ActiveCfg = Debug|Win32
		{5B7637FC-A383-3306-8AA8-294BAD280798}.Debug|x86.Build.0 = Debug|Win32
		{5B7637FC-A383-3306-8AA8-294BAD280798}.Release|x86.ActiveCfg = Release|Win32
		{5B7637FC-A383-3306-8AA8-294BAD280798}.Release|x86.Build.0 = Release|Win32
	EndGlobalSection
	GlobalSection(SolutionProperties) = preSolution
		HideSolutionNode = FALSE
	EndGlobalSection
	GlobalSection(ExtensibilityGlobals) = postSolution
		Qt5Version = qt5
		SolutionGuid = {753ABFE7-9570-41DC-8CA1-15DF4D60DCF0}
	EndGlobalSection
EndGlobal
